
Microsoft Visual Studio Solution File, Format Version 12.00
# Visual Studio Version 17
VisualStudioVersion = 17.2.32616.157
MinimumVisualStudioVersion = 10.0.40219.1
Project("{8BC9CEB8-8B4A-11D0-8D11-00A0C91BC942}") = "cadwiki.AcRemoveCmdGroup", "cadwiki.AcRemoveCmdGroup\cadwiki.AcRemoveCmdGroup.vcxproj", "{D3AC8D74-C4C8-4662-A6CD-C0EC1EDCDABB}"
EndProject
Project("{F184B08F-C81C-45F6-A57F-5ABD9991F28F}") = "cadwiki.DllReloader", "cadwiki.DllReloader\cadwiki.DllReloader.vbproj", "{F63B3063-2044-4F17-AC6C-FF343C56B03D}"
	ProjectSection(ProjectDependencies) = postProject
		{D3AC8D74-C4C8-4662-A6CD-C0EC1EDCDABB} = {D3AC8D74-C4C8-4662-A6CD-C0EC1EDCDABB}
	EndProjectSection
EndProject
Project("{F184B08F-C81C-45F6-A57F-5ABD9991F28F}") = "cadwiki.NetUtils", "cadwiki.NetUtils\cadwiki.NetUtils.vbproj", "{3C1158DA-4A90-4FC1-8CCC-6F1E4787A118}"
EndProject
Project("{F184B08F-C81C-45F6-A57F-5ABD9991F28F}") = "cadwiki.WpfUi", "cadwiki.WpfUi\cadwiki.WpfUi.vbproj", "{94651D61-EBD0-4D0B-8358-79B14C1805F8}"
EndProject
Project("{F184B08F-C81C-45F6-A57F-5ABD9991F28F}") = "cadwiki.NUnitTestRunner", "cadwiki.NUnitTestRunner\cadwiki.NUnitTestRunner.vbproj", "{20525DE1-199C-417F-85A1-BDA52F76EDD1}"
EndProject
Project("{F184B08F-C81C-45F6-A57F-5ABD9991F28F}") = "UnitTests", "UnitTests\UnitTests.vbproj", "{4EA70EF0-2B9C-4F28-A240-169B27F7034B}"
EndProject
Project("{F184B08F-C81C-45F6-A57F-5ABD9991F28F}") = "cadwiki.AutoCAD2021.Interop.Utilities", "cadwiki.AutoCAD2021.Interop.Utilities\cadwiki.AutoCAD2021.Interop.Utilities.vbproj", "{35F24F06-0F6E-4685-A07A-B53CC12BE4F0}"
EndProject
Global
	GlobalSection(SolutionConfigurationPlatforms) = preSolution
		Debug|Any CPU = Debug|Any CPU
		Debug|x64 = Debug|x64
		Release|Any CPU = Release|Any CPU
		Release|x64 = Release|x64
	EndGlobalSection
	GlobalSection(ProjectConfigurationPlatforms) = postSolution
		{D3AC8D74-C4C8-4662-A6CD-C0EC1EDCDABB}.Debug|Any CPU.ActiveCfg = Debug|x64
		{D3AC8D74-C4C8-4662-A6CD-C0EC1EDCDABB}.Debug|Any CPU.Build.0 = Debug|x64
		{D3AC8D74-C4C8-4662-A6CD-C0EC1EDCDABB}.Debug|x64.ActiveCfg = Debug|x64
		{D3AC8D74-C4C8-4662-A6CD-C0EC1EDCDABB}.Debug|x64.Build.0 = Debug|x64
		{D3AC8D74-C4C8-4662-A6CD-C0EC1EDCDABB}.Release|Any CPU.ActiveCfg = Release|x64
		{D3AC8D74-C4C8-4662-A6CD-C0EC1EDCDABB}.Release|Any CPU.Build.0 = Release|x64
		{D3AC8D74-C4C8-4662-A6CD-C0EC1EDCDABB}.Release|x64.ActiveCfg = Release|x64
		{D3AC8D74-C4C8-4662-A6CD-C0EC1EDCDABB}.Release|x64.Build.0 = Release|x64
		{F63B3063-2044-4F17-AC6C-FF343C56B03D}.Debug|Any CPU.ActiveCfg = Debug|Any CPU
		{F63B3063-2044-4F17-AC6C-FF343C56B03D}.Debug|Any CPU.Build.0 = Debug|Any CPU
		{F63B3063-2044-4F17-AC6C-FF343C56B03D}.Debug|x64.ActiveCfg = Debug|x64
		{F63B3063-2044-4F17-AC6C-FF343C56B03D}.Debug|x64.Build.0 = Debug|x64
		{F63B3063-2044-4F17-AC6C-FF343C56B03D}.Release|Any CPU.ActiveCfg = Release|Any CPU
		{F63B3063-2044-4F17-AC6C-FF343C56B03D}.Release|Any CPU.Build.0 = Release|Any CPU
		{F63B3063-2044-4F17-AC6C-FF343C56B03D}.Release|x64.ActiveCfg = Release|x64
		{F63B3063-2044-4F17-AC6C-FF343C56B03D}.Release|x64.Build.0 = Release|x64
		{3C1158DA-4A90-4FC1-8CCC-6F1E4787A118}.Debug|Any CPU.ActiveCfg = Debug|Any CPU
		{3C1158DA-4A90-4FC1-8CCC-6F1E4787A118}.Debug|Any CPU.Build.0 = Debug|Any CPU
		{3C1158DA-4A90-4FC1-8CCC-6F1E4787A118}.Debug|x64.ActiveCfg = Debug|x64
		{3C1158DA-4A90-4FC1-8CCC-6F1E4787A118}.Debug|x64.Build.0 = Debug|x64
		{3C1158DA-4A90-4FC1-8CCC-6F1E4787A118}.Release|Any CPU.ActiveCfg = Release|Any CPU
		{3C1158DA-4A90-4FC1-8CCC-6F1E4787A118}.Release|Any CPU.Build.0 = Release|Any CPU
		{3C1158DA-4A90-4FC1-8CCC-6F1E4787A118}.Release|x64.ActiveCfg = Release|x64
		{3C1158DA-4A90-4FC1-8CCC-6F1E4787A118}.Release|x64.Build.0 = Release|x64
		{94651D61-EBD0-4D0B-8358-79B14C1805F8}.Debug|Any CPU.ActiveCfg = Debug|Any CPU
		{94651D61-EBD0-4D0B-8358-79B14C1805F8}.Debug|Any CPU.Build.0 = Debug|Any CPU
		{94651D61-EBD0-4D0B-8358-79B14C1805F8}.Debug|x64.ActiveCfg = Debug|x64
		{94651D61-EBD0-4D0B-8358-79B14C1805F8}.Debug|x64.Build.0 = Debug|x64
		{94651D61-EBD0-4D0B-8358-79B14C1805F8}.Release|Any CPU.ActiveCfg = Release|Any CPU
		{94651D61-EBD0-4D0B-8358-79B14C1805F8}.Release|Any CPU.Build.0 = Release|Any CPU
		{94651D61-EBD0-4D0B-8358-79B14C1805F8}.Release|x64.ActiveCfg = Release|x64
		{94651D61-EBD0-4D0B-8358-79B14C1805F8}.Release|x64.Build.0 = Release|x64
		{20525DE1-199C-417F-85A1-BDA52F76EDD1}.Debug|Any CPU.ActiveCfg = Debug|Any CPU
		{20525DE1-199C-417F-85A1-BDA52F76EDD1}.Debug|Any CPU.Build.0 = Debug|Any CPU
		{20525DE1-199C-417F-85A1-BDA52F76EDD1}.Debug|x64.ActiveCfg = Debug|Any CPU
		{20525DE1-199C-417F-85A1-BDA52F76EDD1}.Debug|x64.Build.0 = Debug|Any CPU
		{20525DE1-199C-417F-85A1-BDA52F76EDD1}.Release|Any CPU.ActiveCfg = Release|Any CPU
		{20525DE1-199C-417F-85A1-BDA52F76EDD1}.Release|Any CPU.Build.0 = Release|Any CPU
		{20525DE1-199C-417F-85A1-BDA52F76EDD1}.Release|x64.ActiveCfg = Release|x64
		{20525DE1-199C-417F-85A1-BDA52F76EDD1}.Release|x64.Build.0 = Release|x64
		{4EA70EF0-2B9C-4F28-A240-169B27F7034B}.Debug|Any CPU.ActiveCfg = Debug|Any CPU
		{4EA70EF0-2B9C-4F28-A240-169B27F7034B}.Debug|Any CPU.Build.0 = Debug|Any CPU
		{4EA70EF0-2B9C-4F28-A240-169B27F7034B}.Debug|x64.ActiveCfg = Debug|x64
		{4EA70EF0-2B9C-4F28-A240-169B27F7034B}.Debug|x64.Build.0 = Debug|x64
		{4EA70EF0-2B9C-4F28-A240-169B27F7034B}.Release|Any CPU.ActiveCfg = Release|Any CPU
		{4EA70EF0-2B9C-4F28-A240-169B27F7034B}.Release|Any CPU.Build.0 = Release|Any CPU
		{4EA70EF0-2B9C-4F28-A240-169B27F7034B}.Release|x64.ActiveCfg = Release|x64
		{4EA70EF0-2B9C-4F28-A240-169B27F7034B}.Release|x64.Build.0 = Release|x64
		{35F24F06-0F6E-4685-A07A-B53CC12BE4F0}.Debug|Any CPU.ActiveCfg = Debug|x64
		{35F24F06-0F6E-4685-A07A-B53CC12BE4F0}.Debug|Any CPU.Build.0 = Debug|x64
		{35F24F06-0F6E-4685-A07A-B53CC12BE4F0}.Debug|x64.ActiveCfg = Debug|x64
		{35F24F06-0F6E-4685-A07A-B53CC12BE4F0}.Debug|x64.Build.0 = Debug|x64
		{35F24F06-0F6E-4685-A07A-B53CC12BE4F0}.Release|Any CPU.ActiveCfg = Release|x64
		{35F24F06-0F6E-4685-A07A-B53CC12BE4F0}.Release|Any CPU.Build.0 = Release|x64
		{35F24F06-0F6E-4685-A07A-B53CC12BE4F0}.Release|x64.ActiveCfg = Release|x64
		{35F24F06-0F6E-4685-A07A-B53CC12BE4F0}.Release|x64.Build.0 = Release|x64
	EndGlobalSection
	GlobalSection(SolutionProperties) = preSolution
		HideSolutionNode = FALSE
	EndGlobalSection
	GlobalSection(ExtensibilityGlobals) = postSolution
		SolutionGuid = {A82E85B8-B31B-473B-97FD-B97E231B0779}
	EndGlobalSection
EndGlobal
